{
  "requires": true,
  "lockfileVersion": 1,
  "dependencies": {
    "axios": {
      "version": "0.19.0",
      "resolved": "https://registry.npmjs.org/axios/-/axios-0.19.0.tgz",
      "integrity": "sha512-1uvKqKQta3KBxIz14F2v06AEHZ/dIoeKfbTRkK1E5oqjDnuEerLmYTgJB5AiQZHJcljpg1TuRzdjDR06qNk0DQ==",
      "requires": {
        "follow-redirects": "1.5.10",
        "is-buffer": "^2.0.2"
      }
    },
    "babel-runtime": {
      "version": "6.26.0",
      "resolved": "https://registry.npmjs.org/babel-runtime/-/babel-runtime-6.26.0.tgz",
      "integrity": "sha1-llxwWGaOgrVde/4E/yM3vItWR/4=",
      "requires": {
        "core-js": "^2.4.0",
        "regenerator-runtime": "^0.11.0"
      }
    },
    "better-scroll": {
      "version": "1.12.6",
      "resolved": "https://registry.npmjs.org/better-scroll/-/better-scroll-1.12.6.tgz",
      "integrity": "sha512-blo8gDgoJKJphhdNeklkSNT6pWrQvNk+sZ9q9yDo7dQXJZj8aKAMJdSJp+cwU0pxNTtScaYkxYT8yJ5ZttAN/w==",
      "requires": {
        "babel-runtime": "^6.0.0"
      }
    },
    "core-js": {
      "version": "2.6.9",
      "resolved": "https://registry.npmjs.org/core-js/-/core-js-2.6.9.tgz",
      "integrity": "sha512-HOpZf6eXmnl7la+cUdMnLvUxKNqLUzJvgIziQ0DiF3JwSImNphIqdGqzj6hIKyX04MmV0poclQ7+wjWvxQyR2A=="
    },
    "cube-ui": {
      "version": "1.12.24",
      "resolved": "https://registry.npmjs.org/cube-ui/-/cube-ui-1.12.24.tgz",
      "integrity": "sha512-zem2kbE/iM3KQyRNldSnd4A7dOVQ//x6OUOQhM9F8PHqLb37K2aDx+Grw7K0g5w+2GnduuoxgiDEqkz2dlTcKw==",
      "requires": {
        "better-scroll": "~1.12.6",
        "vue-create-api": "^0.2.0"
      }
    },
    "debug": {
      "version": "3.1.0",
      "resolved": "https://registry.npmjs.org/debug/-/debug-3.1.0.tgz",
      "integrity": "sha512-OX8XqP7/1a9cqkxYw2yXss15f26NKWBpDXQd0/uK/KPqdQhxbPa994hnzjcE2VqQpDslf55723cKPUOGSmMY3g==",
      "requires": {
        "ms": "2.0.0"
      }
    },
    "follow-redirects": {
      "version": "1.5.10",
      "resolved": "https://registry.npmjs.org/follow-redirects/-/follow-redirects-1.5.10.tgz",
      "integrity": "sha512-0V5l4Cizzvqt5D44aTXbFZz+FtyXV1vrDN6qrelxtfYQKW0KO0W2T/hkE8xvGa/540LkZlkaUjO4ailYTFtHVQ==",
      "requires": {
        "debug": "=3.1.0"
      }
    },
    "is-buffer": {
      "version": "2.0.3",
      "resolved": "https://registry.npmjs.org/is-buffer/-/is-buffer-2.0.3.tgz",
      "integrity": "sha512-U15Q7MXTuZlrbymiz95PJpZxu8IlipAp4dtS3wOdgPXx3mqBnslrWU14kxfHB+Py/+2PVKSr37dMAgM2A4uArw=="
    },
    "ms": {
      "version": "2.0.0",
      "resolved": "https://registry.npmjs.org/ms/-/ms-2.0.0.tgz",
      "integrity": "sha1-VgiurfwAvmwpAd9fmGF4jeDVl8g="
    },
    "regenerator-runtime": {
      "version": "0.11.1",
      "resolved": "https://registry.npmjs.org/regenerator-runtime/-/regenerator-runtime-0.11.1.tgz",
      "integrity": "sha512-MguG95oij0fC3QV3URf4V2SDYGJhJnJGqvIIgdECeODCT98wSWDAJ94SSuVpYQUoTcGUIL6L4yNB7j1DFFHSBg=="
    },
    "vue-create-api": {
      "version": "0.2.1",
      "resolved": "https://registry.npmjs.org/vue-create-api/-/vue-create-api-0.2.1.tgz",
      "integrity": "sha512-qV0mtqLm2FodUKHuOENL06mvx29ZhCc3elmrxvuWwMfFUnusJfnOIUziv9xJ6WgUfYs3Rc1kty8NpVvd6sgyAw=="
    }
  }
}
